// !$*UTF8*$!
{
	archiveVersion = 1;
	classes = {
	};
	objectVersion = 51;
	objects = {

/* Begin PBXBuildFile section */
		14ED8F37548055610381CD5F /* Pods_Swift5_MenuApp_Swift5_MenuAppUITests.framework in Frameworks */ = {isa = PBXBuildFile; fileRef = 0658A5651624638FF5A4F670 /* Pods_Swift5_MenuApp_Swift5_MenuAppUITests.framework */; };
		7A521330A07A8BD8157916FF /* Pods_Swift5_MenuAppTests.framework in Frameworks */ = {isa = PBXBuildFile; fileRef = 9F675875DD2210A57FADD1DB /* Pods_Swift5_MenuAppTests.framework */; };
		8F81C0CAABA32F2317966BC2 /* Pods_Swift5_MenuApp.framework in Frameworks */ = {isa = PBXBuildFile; fileRef = 02E69C438256E1303CED45D0 /* Pods_Swift5_MenuApp.framework */; };
		E7003D262481367E00F15528 /* AppDelegate.swift in Sources */ = {isa = PBXBuildFile; fileRef = E7003D252481367E00F15528 /* AppDelegate.swift */; };
		E7003D282481367E00F15528 /* SceneDelegate.swift in Sources */ = {isa = PBXBuildFile; fileRef = E7003D272481367E00F15528 /* SceneDelegate.swift */; };
		E7003D2A2481367E00F15528 /* ViewController.swift in Sources */ = {isa = PBXBuildFile; fileRef = E7003D292481367E00F15528 /* ViewController.swift */; };
		E7003D2D2481367E00F15528 /* Main.storyboard in Resources */ = {isa = PBXBuildFile; fileRef = E7003D2B2481367E00F15528 /* Main.storyboard */; };
		E7003D2F2481368100F15528 /* Assets.xcassets in Resources */ = {isa = PBXBuildFile; fileRef = E7003D2E2481368100F15528 /* Assets.xcassets */; };
		E7003D322481368100F15528 /* LaunchScreen.storyboard in Resources */ = {isa = PBXBuildFile; fileRef = E7003D302481368100F15528 /* LaunchScreen.storyboard */; };
		E7003D3D2481368200F15528 /* Swift5_MenuAppTests.swift in Sources */ = {isa = PBXBuildFile; fileRef = E7003D3C2481368200F15528 /* Swift5_MenuAppTests.swift */; };
		E7003D482481368200F15528 /* Swift5_MenuAppUITests.swift in Sources */ = {isa = PBXBuildFile; fileRef = E7003D472481368200F15528 /* Swift5_MenuAppUITests.swift */; };
		E7003D562481376D00F15528 /* ImageViewController.swift in Sources */ = {isa = PBXBuildFile; fileRef = E7003D552481376D00F15528 /* ImageViewController.swift */; };
/* End PBXBuildFile section */

/* Begin PBXContainerItemProxy section */
		E7003D392481368200F15528 /* PBXContainerItemProxy */ = {
			isa = PBXContainerItemProxy;
			containerPortal = E7003D1A2481367E00F15528 /* Project object */;
			proxyType = 1;
			remoteGlobalIDString = E7003D212481367E00F15528;
			remoteInfo = "Swift5 MenuApp";
		};
		E7003D442481368200F15528 /* PBXContainerItemProxy */ = {
			isa = PBXContainerItemProxy;
			containerPortal = E7003D1A2481367E00F15528 /* Project object */;
			proxyType = 1;
			remoteGlobalIDString = E7003D212481367E00F15528;
			remoteInfo = "Swift5 MenuApp";
		};
/* End PBXContainerItemProxy section */

/* Begin PBXFileReference section */
		02E69C438256E1303CED45D0 /* Pods_Swift5_MenuApp.framework */ = {isa = PBXFileReference; explicitFileType = wrapper.framework; includeInIndex = 0; path = Pods_Swift5_MenuApp.framework; sourceTree = BUILT_PRODUCTS_DIR; };
		0658A5651624638FF5A4F670 /* Pods_Swift5_MenuApp_Swift5_MenuAppUITests.framework */ = {isa = PBXFileReference; explicitFileType = wrapper.framework; includeInIndex = 0; path = Pods_Swift5_MenuApp_Swift5_MenuAppUITests.framework; sourceTree = BUILT_PRODUCTS_DIR; };
		10D24984C6D3C33BDC739641 /* Pods-Swift5 MenuApp-Swift5 MenuAppUITests.debug.xcconfig */ = {isa = PBXFileReference; includeInIndex = 1; lastKnownFileType = text.xcconfig; name = "Pods-Swift5 MenuApp-Swift5 MenuAppUITests.debug.xcconfig"; path = "Target Support Files/Pods-Swift5 MenuApp-Swift5 MenuAppUITests/Pods-Swift5 MenuApp-Swift5 MenuAppUITests.debug.xcconfig"; sourceTree = "<group>"; };
		1EB27C3FF43E77D3ACB92B48 /* Pods-Swift5 MenuAppTests.debug.xcconfig */ = {isa = PBXFileReference; includeInIndex = 1; lastKnownFileType = text.xcconfig; name = "Pods-Swift5 MenuAppTests.debug.xcconfig"; path = "Target Support Files/Pods-Swift5 MenuAppTests/Pods-Swift5 MenuAppTests.debug.xcconfig"; sourceTree = "<group>"; };
		62F5A406ACB8970E94550AB5 /* Pods-Swift5 MenuApp.release.xcconfig */ = {isa = PBXFileReference; includeInIndex = 1; lastKnownFileType = text.xcconfig; name = "Pods-Swift5 MenuApp.release.xcconfig"; path = "Target Support Files/Pods-Swift5 MenuApp/Pods-Swift5 MenuApp.release.xcconfig"; sourceTree = "<group>"; };
		9F675875DD2210A57FADD1DB /* Pods_Swift5_MenuAppTests.framework */ = {isa = PBXFileReference; explicitFileType = wrapper.framework; includeInIndex = 0; path = Pods_Swift5_MenuAppTests.framework; sourceTree = BUILT_PRODUCTS_DIR; };
		B0E464EFE6E8F9991400BC5F /* Pods-Swift5 MenuApp.debug.xcconfig */ = {isa = PBXFileReference; includeInIndex = 1; lastKnownFileType = text.xcconfig; name = "Pods-Swift5 MenuApp.debug.xcconfig"; path = "Target Support Files/Pods-Swift5 MenuApp/Pods-Swift5 MenuApp.debug.xcconfig"; sourceTree = "<group>"; };
		C11219BEC49C0159715FDA6B /* Pods-Swift5 MenuApp-Swift5 MenuAppUITests.release.xcconfig */ = {isa = PBXFileReference; includeInIndex = 1; lastKnownFileType = text.xcconfig; name = "Pods-Swift5 MenuApp-Swift5 MenuAppUITests.release.xcconfig"; path = "Target Support Files/Pods-Swift5 MenuApp-Swift5 MenuAppUITests/Pods-Swift5 MenuApp-Swift5 MenuAppUITests.release.xcconfig"; sourceTree = "<group>"; };
		E140A9BF24868D9EBC31353B /* Pods-Swift5 MenuAppTests.release.xcconfig */ = {isa = PBXFileReference; includeInIndex = 1; lastKnownFileType = text.xcconfig; name = "Pods-Swift5 MenuAppTests.release.xcconfig"; path = "Target Support Files/Pods-Swift5 MenuAppTests/Pods-Swift5 MenuAppTests.release.xcconfig"; sourceTree = "<group>"; };
		E7003D222481367E00F15528 /* Swift5 MenuApp.app */ = {isa = PBXFileReference; explicitFileType = wrapper.application; includeInIndex = 0; path = "Swift5 MenuApp.app"; sourceTree = BUILT_PRODUCTS_DIR; };
		E7003D252481367E00F15528 /* AppDelegate.swift */ = {isa = PBXFileReference; lastKnownFileType = sourcecode.swift; path = AppDelegate.swift; sourceTree = "<group>"; };
		E7003D272481367E00F15528 /* SceneDelegate.swift */ = {isa = PBXFileReference; lastKnownFileType = sourcecode.swift; path = SceneDelegate.swift; sourceTree = "<group>"; };
		E7003D292481367E00F15528 /* ViewController.swift */ = {isa = PBXFileReference; lastKnownFileType = sourcecode.swift; path = ViewController.swift; sourceTree = "<group>"; };
		E7003D2C2481367E00F15528 /* Base */ = {isa = PBXFileReference; lastKnownFileType = file.storyboard; name = Base; path = Base.lproj/Main.storyboard; sourceTree = "<group>"; };
		E7003D2E2481368100F15528 /* Assets.xcassets */ = {isa = PBXFileReference; lastKnownFileType = folder.assetcatalog; path = Assets.xcassets; sourceTree = "<group>"; };
		E7003D312481368100F15528 /* Base */ = {isa = PBXFileReference; lastKnownFileType = file.storyboard; name = Base; path = Base.lproj/LaunchScreen.storyboard; sourceTree = "<group>"; };
		E7003D332481368100F15528 /* Info.plist */ = {isa = PBXFileReference; lastKnownFileType = text.plist.xml; path = Info.plist; sourceTree = "<group>"; };
		E7003D382481368200F15528 /* Swift5 MenuAppTests.xctest */ = {isa = PBXFileReference; explicitFileType = wrapper.cfbundle; includeInIndex = 0; path = "Swift5 MenuAppTests.xctest"; sourceTree = BUILT_PRODUCTS_DIR; };
		E7003D3C2481368200F15528 /* Swift5_MenuAppTests.swift */ = {isa = PBXFileReference; lastKnownFileType = sourcecode.swift; path = Swift5_MenuAppTests.swift; sourceTree = "<group>"; };
		E7003D3E2481368200F15528 /* Info.plist */ = {isa = PBXFileReference; lastKnownFileType = text.plist.xml; path = Info.plist; sourceTree = "<group>"; };
		E7003D432481368200F15528 /* Swift5 MenuAppUITests.xctest */ = {isa = PBXFileReference; explicitFileType = wrapper.cfbundle; includeInIndex = 0; path = "Swift5 MenuAppUITests.xctest"; sourceTree = BUILT_PRODUCTS_DIR; };
		E7003D472481368200F15528 /* Swift5_MenuAppUITests.swift */ = {isa = PBXFileReference; lastKnownFileType = sourcecode.swift; path = Swift5_MenuAppUITests.swift; sourceTree = "<group>"; };
		E7003D492481368200F15528 /* Info.plist */ = {isa = PBXFileReference; lastKnownFileType = text.plist.xml; path = Info.plist; sourceTree = "<group>"; };
		E7003D552481376D00F15528 /* ImageViewController.swift */ = {isa = PBXFileReference; lastKnownFileType = sourcecode.swift; path = ImageViewController.swift; sourceTree = "<group>"; };
/* End PBXFileReference section */

/* Begin PBXFrameworksBuildPhase section */
		E7003D1F2481367E00F15528 /* Frameworks */ = {
			isa = PBXFrameworksBuildPhase;
			buildActionMask = 2147483647;
			files = (
				8F81C0CAABA32F2317966BC2 /* Pods_Swift5_MenuApp.framework in Frameworks */,
			);
			runOnlyForDeploymentPostprocessing = 0;
		};
		E7003D352481368200F15528 /* Frameworks */ = {
			isa = PBXFrameworksBuildPhase;
			buildActionMask = 2147483647;
			files = (
				7A521330A07A8BD8157916FF /* Pods_Swift5_MenuAppTests.framework in Frameworks */,
			);
			runOnlyForDeploymentPostprocessing = 0;
		};
		E7003D402481368200F15528 /* Frameworks */ = {
			isa = PBXFrameworksBuildPhase;
			buildActionMask = 2147483647;
			files = (
				14ED8F37548055610381CD5F /* Pods_Swift5_MenuApp_Swift5_MenuAppUITests.framework in Frameworks */,
			);
			runOnlyForDeploymentPostprocessing = 0;
		};
/* End PBXFrameworksBuildPhase section */

/* Begin PBXGroup section */
		9782168096F34E19FA3DE928 /* Frameworks */ = {
			isa = PBXGroup;
			children = (
				02E69C438256E1303CED45D0 /* Pods_Swift5_MenuApp.framework */,
				0658A5651624638FF5A4F670 /* Pods_Swift5_MenuApp_Swift5_MenuAppUITests.framework */,
				9F675875DD2210A57FADD1DB /* Pods_Swift5_MenuAppTests.framework */,
			);
			name = Frameworks;
			sourceTree = "<group>";
		};
		DAE562DA3907C485E5A55D50 /* Pods */ = {
			isa = PBXGroup;
			children = (
				B0E464EFE6E8F9991400BC5F /* Pods-Swift5 MenuApp.debug.xcconfig */,
				62F5A406ACB8970E94550AB5 /* Pods-Swift5 MenuApp.release.xcconfig */,
				10D24984C6D3C33BDC739641 /* Pods-Swift5 MenuApp-Swift5 MenuAppUITests.debug.xcconfig */,
				C11219BEC49C0159715FDA6B /* Pods-Swift5 MenuApp-Swift5 MenuAppUITests.release.xcconfig */,
				1EB27C3FF43E77D3ACB92B48 /* Pods-Swift5 MenuAppTests.debug.xcconfig */,
				E140A9BF24868D9EBC31353B /* Pods-Swift5 MenuAppTests.release.xcconfig */,
			);
			path = Pods;
			sourceTree = "<group>";
		};
		E7003D192481367E00F15528 = {
			isa = PBXGroup;
			children = (
				E7003D242481367E00F15528 /* Swift5 MenuApp */,
				E7003D3B2481368200F15528 /* Swift5 MenuAppTests */,
				E7003D462481368200F15528 /* Swift5 MenuAppUITests */,
				E7003D232481367E00F15528 /* Products */,
				DAE562DA3907C485E5A55D50 /* Pods */,
				9782168096F34E19FA3DE928 /* Frameworks */,
			);
			sourceTree = "<group>";
		};
		E7003D232481367E00F15528 /* Products */ = {
			isa = PBXGroup;
			children = (
				E7003D222481367E00F15528 /* Swift5 MenuApp.app */,
				E7003D382481368200F15528 /* Swift5 MenuAppTests.xctest */,
				E7003D432481368200F15528 /* Swift5 MenuAppUITests.xctest */,
			);
			name = Products;
			sourceTree = "<group>";
		};
		E7003D242481367E00F15528 /* Swift5 MenuApp */ = {
			isa = PBXGroup;
			children = (
				E7003D252481367E00F15528 /* AppDelegate.swift */,
				E7003D272481367E00F15528 /* SceneDelegate.swift */,
				E7003D292481367E00F15528 /* ViewController.swift */,
				E7003D552481376D00F15528 /* ImageViewController.swift */,
				E7003D2B2481367E00F15528 /* Main.storyboard */,
				E7003D2E2481368100F15528 /* Assets.xcassets */,
				E7003D302481368100F15528 /* LaunchScreen.storyboard */,
				E7003D332481368100F15528 /* Info.plist */,
			);
			path = "Swift5 MenuApp";
			sourceTree = "<group>";
		};
		E7003D3B2481368200F15528 /* Swift5 MenuAppTests */ = {
			isa = PBXGroup;
			children = (
				E7003D3C2481368200F15528 /* Swift5_MenuAppTests.swift */,
				E7003D3E2481368200F15528 /* Info.plist */,
			);
			path = "Swift5 MenuAppTests";
			sourceTree = "<group>";
		};
		E7003D462481368200F15528 /* Swift5 MenuAppUITests */ = {
			isa = PBXGroup;
			children = (
				E7003D472481368200F15528 /* Swift5_MenuAppUITests.swift */,
				E7003D492481368200F15528 /* Info.plist */,
			);
			path = "Swift5 MenuAppUITests";
			sourceTree = "<group>";
		};
/* End PBXGroup section */

/* Begin PBXNativeTarget section */
		E7003D212481367E00F15528 /* Swift5 MenuApp */ = {
			isa = PBXNativeTarget;
			buildConfigurationList = E7003D4C2481368200F15528 /* Build configuration list for PBXNativeTarget "Swift5 MenuApp" */;
			buildPhases = (
				D2DE126DDEF511D52AB18819 /* [CP] Check Pods Manifest.lock */,
				E7003D1E2481367E00F15528 /* Sources */,
				E7003D1F2481367E00F15528 /* Frameworks */,
				E7003D202481367E00F15528 /* Resources */,
				92EA036670B1609411CE89FC /* [CP] Embed Pods Frameworks */,
			);
			buildRules = (
			);
			dependencies = (
			);
			name = "Swift5 MenuApp";
			productName = "Swift5 MenuApp";
			productReference = E7003D222481367E00F15528 /* Swift5 MenuApp.app */;
			productType = "com.apple.product-type.application";
		};
		E7003D372481368200F15528 /* Swift5 MenuAppTests */ = {
			isa = PBXNativeTarget;
			buildConfigurationList = E7003D4F2481368200F15528 /* Build configuration list for PBXNativeTarget "Swift5 MenuAppTests" */;
			buildPhases = (
				9CD3F5BCB1D763A8741E7A4E /* [CP] Check Pods Manifest.lock */,
				E7003D342481368200F15528 /* Sources */,
				E7003D352481368200F15528 /* Frameworks */,
				E7003D362481368200F15528 /* Resources */,
			);
			buildRules = (
			);
			dependencies = (
				E7003D3A2481368200F15528 /* PBXTargetDependency */,
			);
			name = "Swift5 MenuAppTests";
			productName = "Swift5 MenuAppTests";
			productReference = E7003D382481368200F15528 /* Swift5 MenuAppTests.xctest */;
			productType = "com.apple.product-type.bundle.unit-test";
		};
		E7003D422481368200F15528 /* Swift5 MenuAppUITests */ = {
			isa = PBXNativeTarget;
			buildConfigurationList = E7003D522481368200F15528 /* Build configuration list for PBXNativeTarget "Swift5 MenuAppUITests" */;
			buildPhases = (
				AC5EB3755F15EE2DE6C39C71 /* [CP] Check Pods Manifest.lock */,
				E7003D3F2481368200F15528 /* Sources */,
				E7003D402481368200F15528 /* Frameworks */,
				E7003D412481368200F15528 /* Resources */,
				B162389A589004318B3B37FD /* [CP] Embed Pods Frameworks */,
			);
			buildRules = (
			);
			dependencies = (
				E7003D452481368200F15528 /* PBXTargetDependency */,
			);
			name = "Swift5 MenuAppUITests";
			productName = "Swift5 MenuAppUITests";
			productReference = E7003D432481368200F15528 /* Swift5 MenuAppUITests.xctest */;
			productType = "com.apple.product-type.bundle.ui-testing";
		};
/* End PBXNativeTarget section */

/* Begin PBXProject section */
		E7003D1A2481367E00F15528 /* Project object */ = {
			isa = PBXProject;
			attributes = {
				LastSwiftUpdateCheck = 1140;
				LastUpgradeCheck = 1140;
				ORGANIZATIONNAME = Hiroaki_Hirabayashi;
				TargetAttributes = {
					E7003D212481367E00F15528 = {
						CreatedOnToolsVersion = 11.4;
					};
					E7003D372481368200F15528 = {
						CreatedOnToolsVersion = 11.4;
						TestTargetID = E7003D212481367E00F15528;
					};
					E7003D422481368200F15528 = {
						CreatedOnToolsVersion = 11.4;
						TestTargetID = E7003D212481367E00F15528;
					};
				};
			};
			buildConfigurationList = E7003D1D2481367E00F15528 /* Build configuration list for PBXProject "Swift5 MenuApp" */;
			compatibilityVersion = "Xcode 9.3";
			developmentRegion = en;
			hasScannedForEncodings = 0;
			knownRegions = (
				en,
				Base,
			);
			mainGroup = E7003D192481367E00F15528;
			productRefGroup = E7003D232481367E00F15528 /* Products */;
			projectDirPath = "";
			projectRoot = "";
			targets = (
				E7003D212481367E00F15528 /* Swift5 MenuApp */,
				E7003D372481368200F15528 /* Swift5 MenuAppTests */,
				E7003D422481368200F15528 /* Swift5 MenuAppUITests */,
			);
		};
/* End PBXProject section */

/* Begin PBXResourcesBuildPhase section */
		E7003D202481367E00F15528 /* Resources */ = {
			isa = PBXResourcesBuildPhase;
			buildActionMask = 2147483647;
			files = (
				E7003D322481368100F15528 /* LaunchScreen.storyboard in Resources */,
				E7003D2F2481368100F15528 /* Assets.xcassets in Resources */,
				E7003D2D2481367E00F15528 /* Main.storyboard in Resources */,
			);
			runOnlyForDeploymentPostprocessing = 0;
		};
		E7003D362481368200F15528 /* Resources */ = {
			isa = PBXResourcesBuildPhase;
			buildActionMask = 2147483647;
			files = (
			);
			runOnlyForDeploymentPostprocessing = 0;
		};
		E7003D412481368200F15528 /* Resources */ = {
			isa = PBXResourcesBuildPhase;
			buildActionMask = 2147483647;
			files = (
			);
			runOnlyForDeploymentPostprocessing = 0;
		};
/* End PBXResourcesBuildPhase section */

/* Begin PBXShellScriptBuildPhase section */
		92EA036670B1609411CE89FC /* [CP] Embed Pods Frameworks */ = {
			isa = PBXShellScriptBuildPhase;
			buildActionMask = 2147483647;
			files = (
			);
			inputFileListPaths = (
				"${PODS_ROOT}/Target Support Files/Pods-Swift5 MenuApp/Pods-Swift5 MenuApp-frameworks-${CONFIGURATION}-input-files.xcfilelist",
			);
			name = "[CP] Embed Pods Frameworks";
			outputFileListPaths = (
				"${PODS_ROOT}/Target Support Files/Pods-Swift5 MenuApp/Pods-Swift5 MenuApp-frameworks-${CONFIGURATION}-output-files.xcfilelist",
			);
			runOnlyForDeploymentPostprocessing = 0;
			shellPath = /bin/sh;
			shellScript = "\"${PODS_ROOT}/Target Support Files/Pods-Swift5 MenuApp/Pods-Swift5 MenuApp-frameworks.sh\"\n";
			showEnvVarsInLog = 0;
		};
		9CD3F5BCB1D763A8741E7A4E /* [CP] Check Pods Manifest.lock */ = {
			isa = PBXShellScriptBuildPhase;
			buildActionMask = 2147483647;
			files = (
			);
			inputFileListPaths = (
			);
			inputPaths = (
				"${PODS_PODFILE_DIR_PATH}/Podfile.lock",
				"${PODS_ROOT}/Manifest.lock",
			);
			name = "[CP] Check Pods Manifest.lock";
			outputFileListPaths = (
			);
			outputPaths = (
				"$(DERIVED_FILE_DIR)/Pods-Swift5 MenuAppTests-checkManifestLockResult.txt",
			);
			runOnlyForDeploymentPostprocessing = 0;
			shellPath = /bin/sh;
			shellScript = "diff \"${PODS_PODFILE_DIR_PATH}/Podfile.lock\" \"${PODS_ROOT}/Manifest.lock\" > /dev/null\nif [ $? != 0 ] ; then\n    # print error to STDERR\n    echo \"error: The sandbox is not in sync with the Podfile.lock. Run 'pod install' or update your CocoaPods installation.\" >&2\n    exit 1\nfi\n# This output is used by Xcode 'outputs' to avoid re-running this script phase.\necho \"SUCCESS\" > \"${SCRIPT_OUTPUT_FILE_0}\"\n";
			showEnvVarsInLog = 0;
		};
		AC5EB3755F15EE2DE6C39C71 /* [CP] Check Pods Manifest.lock */ = {
			isa = PBXShellScriptBuildPhase;
			buildActionMask = 2147483647;
			files = (
			);
			inputFileListPaths = (
			);
			inputPaths = (
				"${PODS_PODFILE_DIR_PATH}/Podfile.lock",
				"${PODS_ROOT}/Manifest.lock",
			);
			name = "[CP] Check Pods Manifest.lock";
			outputFileListPaths = (
			);
			outputPaths = (
				"$(DERIVED_FILE_DIR)/Pods-Swift5 MenuApp-Swift5 MenuAppUITests-checkManifestLockResult.txt",
			);
			runOnlyForDeploymentPostprocessing = 0;
			shellPath = /bin/sh;
			shellScript = "diff \"${PODS_PODFILE_DIR_PATH}/Podfile.lock\" \"${PODS_ROOT}/Manifest.lock\" > /dev/null\nif [ $? != 0 ] ; then\n    # print error to STDERR\n    echo \"error: The sandbox is not in sync with the Podfile.lock. Run 'pod install' or update your CocoaPods installation.\" >&2\n    exit 1\nfi\n# This output is used by Xcode 'outputs' to avoid re-running this script phase.\necho \"SUCCESS\" > \"${SCRIPT_OUTPUT_FILE_0}\"\n";
			showEnvVarsInLog = 0;
		};
		B162389A589004318B3B37FD /* [CP] Embed Pods Frameworks */ = {
			isa = PBXShellScriptBuildPhase;
			buildActionMask = 2147483647;
			files = (
			);
			inputFileListPaths = (
				"${PODS_ROOT}/Target Support Files/Pods-Swift5 MenuApp-Swift5 MenuAppUITests/Pods-Swift5 MenuApp-Swift5 MenuAppUITests-frameworks-${CONFIGURATION}-input-files.xcfilelist",
			);
			name = "[CP] Embed Pods Frameworks";
			outputFileListPaths = (
				"${PODS_ROOT}/Target Support Files/Pods-Swift5 MenuApp-Swift5 MenuAppUITests/Pods-Swift5 MenuApp-Swift5 MenuAppUITests-frameworks-${CONFIGURATION}-output-files.xcfilelist",
			);
			runOnlyForDeploymentPostprocessing = 0;
			shellPath = /bin/sh;
			shellScript = "\"${PODS_ROOT}/Target Support Files/Pods-Swift5 MenuApp-Swift5 MenuAppUITests/Pods-Swift5 MenuApp-Swift5 MenuAppUITests-frameworks.sh\"\n";
			showEnvVarsInLog = 0;
		};
		D2DE126DDEF511D52AB18819 /* [CP] Check Pods Manifest.lock */ = {
			isa = PBXShellScriptBuildPhase;
			buildActionMask = 2147483647;
			files = (
			);
			inputFileListPaths = (
			);
			inputPaths = (
				"${PODS_PODFILE_DIR_PATH}/Podfile.lock",
				"${PODS_ROOT}/Manifest.lock",
			);
			name = "[CP] Check Pods Manifest.lock";
			outputFileListPaths = (
			);
			outputPaths = (
				"$(DERIVED_FILE_DIR)/Pods-Swift5 MenuApp-checkManifestLockResult.txt",
			);
			runOnlyForDeploymentPostprocessing = 0;
			shellPath = /bin/sh;
			shellScript = "diff \"${PODS_PODFILE_DIR_PATH}/Podfile.lock\" \"${PODS_ROOT}/Manifest.lock\" > /dev/null\nif [ $? != 0 ] ; then\n    # print error to STDERR\n    echo \"error: The sandbox is not in sync with the Podfile.lock. Run 'pod install' or update your CocoaPods installation.\" >&2\n    exit 1\nfi\n# This output is used by Xcode 'outputs' to avoid re-running this script phase.\necho \"SUCCESS\" > \"${SCRIPT_OUTPUT_FILE_0}\"\n";
			showEnvVarsInLog = 0;
		};
/* End PBXShellScriptBuildPhase section */

/* Begin PBXSourcesBuildPhase section */
		E7003D1E2481367E00F15528 /* Sources */ = {
			isa = PBXSourcesBuildPhase;
			buildActionMask = 2147483647;
			files = (
				E7003D2A2481367E00F15528 /* ViewController.swift in Sources */,
				E7003D262481367E00F15528 /* AppDelegate.swift in Sources */,
				E7003D562481376D00F15528 /* ImageViewController.swift in Sources */,
				E7003D282481367E00F15528 /* SceneDelegate.swift in Sources */,
			);
			runOnlyForDeploymentPostprocessing = 0;
		};
		E7003D342481368200F15528 /* Sources */ = {
			isa = PBXSourcesBuildPhase;
			buildActionMask = 2147483647;
			files = (
				E7003D3D2481368200F15528 /* Swift5_MenuAppTests.swift in Sources */,
			);
			runOnlyForDeploymentPostprocessing = 0;
		};
		E7003D3F2481368200F15528 /* Sources */ = {
			isa = PBXSourcesBuildPhase;
			buildActionMask = 2147483647;
			files = (
				E7003D482481368200F15528 /* Swift5_MenuAppUITests.swift in Sources */,
			);
			runOnlyForDeploymentPostprocessing = 0;
		};
/* End PBXSourcesBuildPhase section */

/* Begin PBXTargetDependency section */
		E7003D3A2481368200F15528 /* PBXTargetDependency */ = {
			isa = PBXTargetDependency;
			target = E7003D212481367E00F15528 /* Swift5 MenuApp */;
			targetProxy = E7003D392481368200F15528 /* PBXContainerItemProxy */;
		};
		E7003D452481368200F15528 /* PBXTargetDependency */ = {
			isa = PBXTargetDependency;
			target = E7003D212481367E00F15528 /* Swift5 MenuApp */;
			targetProxy = E7003D442481368200F15528 /* PBXContainerItemProxy */;
		};
/* End PBXTargetDependency section */

/* Begin PBXVariantGroup section */
		E7003D2B2481367E00F15528 /* Main.storyboard */ = {
			isa = PBXVariantGroup;
			children = (
				E7003D2C2481367E00F15528 /* Base */,
			);
			name = Main.storyboard;
			sourceTree = "<group>";
		};
		E7003D302481368100F15528 /* LaunchScreen.storyboard */ = {
			isa = PBXVariantGroup;
			children = (
				E7003D312481368100F15528 /* Base */,
			);
			name = LaunchScreen.storyboard;
			sourceTree = "<group>";
		};
/* End PBXVariantGroup section */

/* Begin XCBuildConfiguration section */
		E7003D4A2481368200F15528 /* Debug */ = {
			isa = XCBuildConfiguration;
			buildSettings = {
				ALWAYS_SEARCH_USER_PATHS = NO;
				CLANG_ANALYZER_NONNULL = YES;
				CLANG_ANALYZER_NUMBER_OBJECT_CONVERSION = YES_AGGRESSIVE;
				CLANG_CXX_LANGUAGE_STANDARD = "gnu++14";
				CLANG_CXX_LIBRARY = "libc++";
				CLANG_ENABLE_MODULES = YES;
				CLANG_ENABLE_OBJC_ARC = YES;
				CLANG_ENABLE_OBJC_WEAK = YES;
				CLANG_WARN_BLOCK_CAPTURE_AUTORELEASING = YES;
				CLANG_WARN_BOOL_CONVERSION = YES;
				CLANG_WARN_COMMA = YES;
				CLANG_WARN_CONSTANT_CONVERSION = YES;
				CLANG_WARN_DEPRECATED_OBJC_IMPLEMENTATIONS = YES;
				CLANG_WARN_DIRECT_OBJC_ISA_USAGE = YES_ERROR;
				CLANG_WARN_DOCUMENTATION_COMMENTS = YES;
				CLANG_WARN_EMPTY_BODY = YES;
				CLANG_WARN_ENUM_CONVERSION = YES;
				CLANG_WARN_INFINITE_RECURSION = YES;
				CLANG_WARN_INT_CONVERSION = YES;
				CLANG_WARN_NON_LITERAL_NULL_CONVERSION = YES;
				CLANG_WARN_OBJC_IMPLICIT_RETAIN_SELF = YES;
				CLANG_WARN_OBJC_LITERAL_CONVERSION = YES;
				CLANG_WARN_OBJC_ROOT_CLASS = YES_ERROR;
				CLANG_WARN_RANGE_LOOP_ANALYSIS = YES;
				CLANG_WARN_STRICT_PROTOTYPES = YES;
				CLANG_WARN_SUSPICIOUS_MOVE = YES;
				CLANG_WARN_UNGUARDED_AVAILABILITY = YES_AGGRESSIVE;
				CLANG_WARN_UNREACHABLE_CODE = YES;
				CLANG_WARN__DUPLICATE_METHOD_MATCH = YES;
				COPY_PHASE_STRIP = NO;
				DEBUG_INFORMATION_FORMAT = dwarf;
				ENABLE_STRICT_OBJC_MSGSEND = YES;
				ENABLE_TESTABILITY = YES;
				GCC_C_LANGUAGE_STANDARD = gnu11;
				GCC_DYNAMIC_NO_PIC = NO;
				GCC_NO_COMMON_BLOCKS = YES;
				GCC_OPTIMIZATION_LEVEL = 0;
				GCC_PREPROCESSOR_DEFINITIONS = (
					"DEBUG=1",
					"$(inherited)",
				);
				GCC_WARN_64_TO_32_BIT_CONVERSION = YES;
				GCC_WARN_ABOUT_RETURN_TYPE = YES_ERROR;
				GCC_WARN_UNDECLARED_SELECTOR = YES;
				GCC_WARN_UNINITIALIZED_AUTOS = YES_AGGRESSIVE;
				GCC_WARN_UNUSED_FUNCTION = YES;
				GCC_WARN_UNUSED_VARIABLE = YES;
				IPHONEOS_DEPLOYMENT_TARGET = 13.4;
				MTL_ENABLE_DEBUG_INFO = INCLUDE_SOURCE;
				MTL_FAST_MATH = YES;
				ONLY_ACTIVE_ARCH = YES;
				SDKROOT = iphoneos;
				SWIFT_ACTIVE_COMPILATION_CONDITIONS = DEBUG;
				SWIFT_OPTIMIZATION_LEVEL = "-Onone";
			};
			name = Debug;
		};
		E7003D4B2481368200F15528 /* Release */ = {
			isa = XCBuildConfiguration;
			buildSettings = {
				ALWAYS_SEARCH_USER_PATHS = NO;
				CLANG_ANALYZER_NONNULL = YES;
				CLANG_ANALYZER_NUMBER_OBJECT_CONVERSION = YES_AGGRESSIVE;
				CLANG_CXX_LANGUAGE_STANDARD = "gnu++14";
				CLANG_CXX_LIBRARY = "libc++";
				CLANG_ENABLE_MODULES = YES;
				CLANG_ENABLE_OBJC_ARC = YES;
				CLANG_ENABLE_OBJC_WEAK = YES;
				CLANG_WARN_BLOCK_CAPTURE_AUTORELEASING = YES;
				CLANG_WARN_BOOL_CONVERSION = YES;
				CLANG_WARN_COMMA = YES;
				CLANG_WARN_CONSTANT_CONVERSION = YES;
				CLANG_WARN_DEPRECATED_OBJC_IMPLEMENTATIONS = YES;
				CLANG_WARN_DIRECT_OBJC_ISA_USAGE = YES_ERROR;
				CLANG_WARN_DOCUMENTATION_COMMENTS = YES;
				CLANG_WARN_EMPTY_BODY = YES;
				CLANG_WARN_ENUM_CONVERSION = YES;
				CLANG_WARN_INFINITE_RECURSION = YES;
				CLANG_WARN_INT_CONVERSION = YES;
				CLANG_WARN_NON_LITERAL_NULL_CONVERSION = YES;
				CLANG_WARN_OBJC_IMPLICIT_RETAIN_SELF = YES;
				CLANG_WARN_OBJC_LITERAL_CONVERSION = YES;
				CLANG_WARN_OBJC_ROOT_CLASS = YES_ERROR;
				CLANG_WARN_RANGE_LOOP_ANALYSIS = YES;
				CLANG_WARN_STRICT_PROTOTYPES = YES;
				CLANG_WARN_SUSPICIOUS_MOVE = YES;
				CLANG_WARN_UNGUARDED_AVAILABILITY = YES_AGGRESSIVE;
				CLANG_WARN_UNREACHABLE_CODE = YES;
				CLANG_WARN__DUPLICATE_METHOD_MATCH = YES;
				COPY_PHASE_STRIP = NO;
				DEBUG_INFORMATION_FORMAT = "dwarf-with-dsym";
				ENABLE_NS_ASSERTIONS = NO;
				ENABLE_STRICT_OBJC_MSGSEND = YES;
				GCC_C_LANGUAGE_STANDARD = gnu11;
				GCC_NO_COMMON_BLOCKS = YES;
				GCC_WARN_64_TO_32_BIT_CONVERSION = YES;
				GCC_WARN_ABOUT_RETURN_TYPE = YES_ERROR;
				GCC_WARN_UNDECLARED_SELECTOR = YES;
				GCC_WARN_UNINITIALIZED_AUTOS = YES_AGGRESSIVE;
				GCC_WARN_UNUSED_FUNCTION = YES;
				GCC_WARN_UNUSED_VARIABLE = YES;
				IPHONEOS_DEPLOYMENT_TARGET = 13.4;
				MTL_ENABLE_DEBUG_INFO = NO;
				MTL_FAST_MATH = YES;
				SDKROOT = iphoneos;
				SWIFT_COMPILATION_MODE = wholemodule;
				SWIFT_OPTIMIZATION_LEVEL = "-O";
				VALIDATE_PRODUCT = YES;
			};
			name = Release;
		};
		E7003D4D2481368200F15528 /* Debug */ = {
			isa = XCBuildConfiguration;
			baseConfigurationReference = B0E464EFE6E8F9991400BC5F /* Pods-Swift5 MenuApp.debug.xcconfig */;
			buildSettings = {
				ASSETCATALOG_COMPILER_APPICON_NAME = AppIcon;
				CODE_SIGN_STYLE = Automatic;
				INFOPLIST_FILE = "Swift5 MenuApp/Info.plist";
				LD_RUNPATH_SEARCH_PATHS = (
					"$(inherited)",
					"@executable_path/Frameworks",
				);
				PRODUCT_BUNDLE_IDENTIFIER = "com.-Hiroaki-Hirabayashi.Swift5-MenuApp";
				PRODUCT_NAME = "$(TARGET_NAME)";
				SWIFT_VERSION = 5.0;
				TARGETED_DEVICE_FAMILY = "1,2";
			};
			name = Debug;
		};
		E7003D4E2481368200F15528 /* Release */ = {
			isa = XCBuildConfiguration;
			baseConfigurationReference = 62F5A406ACB8970E94550AB5 /* Pods-Swift5 MenuApp.release.xcconfig */;
			buildSettings = {
				ASSETCATALOG_COMPILER_APPICON_NAME = AppIcon;
				CODE_SIGN_STYLE = Automatic;
				INFOPLIST_FILE = "Swift5 MenuApp/Info.plist";
				LD_RUNPATH_SEARCH_PATHS = (
					"$(inherited)",
					"@executable_path/Frameworks",
				);
				PRODUCT_BUNDLE_IDENTIFIER = "com.-Hiroaki-Hirabayashi.Swift5-MenuApp";
				PRODUCT_NAME = "$(TARGET_NAME)";
				SWIFT_VERSION = 5.0;
				TARGETED_DEVICE_FAMILY = "1,2";
			};
			name = Release;
		};
		E7003D502481368200F15528 /* Debug */ = {
			isa = XCBuildConfiguration;
			baseConfigurationReference = 1EB27C3FF43E77D3ACB92B48 /* Pods-Swift5 MenuAppTests.debug.xcconfig */;
			buildSettings = {
				ALWAYS_EMBED_SWIFT_STANDARD_LIBRARIES = YES;
				BUNDLE_LOADER = "$(TEST_HOST)";
				CODE_SIGN_STYLE = Automatic;
				INFOPLIST_FILE = "Swift5 MenuAppTests/Info.plist";
				IPHONEOS_DEPLOYMENT_TARGET = 13.4;
				LD_RUNPATH_SEARCH_PATHS = (
					"$(inherited)",
					"@executable_path/Frameworks",
					"@loader_path/Frameworks",
				);
				PRODUCT_BUNDLE_IDENTIFIER = "com.-Hiroaki-Hirabayashi.Swift5-MenuAppTests";
				PRODUCT_NAME = "$(TARGET_NAME)";
				SWIFT_VERSION = 5.0;
				TARGETED_DEVICE_FAMILY = "1,2";
				TEST_HOST = "$(BUILT_PRODUCTS_DIR)/Swift5 MenuApp.app/Swift5 MenuApp";
			};
			name = Debug;
		};
		E7003D512481368200F15528 /* Release */ = {
			isa = XCBuildConfiguration;
			baseConfigurationReference = E140A9BF24868D9EBC31353B /* Pods-Swift5 MenuAppTests.release.xcconfig */;
			buildSettings = {
				ALWAYS_EMBED_SWIFT_STANDARD_LIBRARIES = YES;
				BUNDLE_LOADER = "$(TEST_HOST)";
				CODE_SIGN_STYLE = Automatic;
				INFOPLIST_FILE = "Swift5 MenuAppTests/Info.plist";
				IPHONEOS_DEPLOYMENT_TARGET = 13.4;
				LD_RUNPATH_SEARCH_PATHS = (
					"$(inherited)",
					"@executable_path/Frameworks",
					"@loader_path/Frameworks",
				);
				PRODUCT_BUNDLE_IDENTIFIER = "com.-Hiroaki-Hirabayashi.Swift5-MenuAppTests";
				PRODUCT_NAME = "$(TARGET_NAME)";
				SWIFT_VERSION = 5.0;
				TARGETED_DEVICE_FAMILY = "1,2";
				TEST_HOST = "$(BUILT_PRODUCTS_DIR)/Swift5 MenuApp.app/Swift5 MenuApp";
			};
			name = Release;
		};
		E7003D532481368200F15528 /* Debug */ = {
			isa = XCBuildConfiguration;
			baseConfigurationReference = 10D24984C6D3C33BDC739641 /* Pods-Swift5 MenuApp-Swift5 MenuAppUITests.debug.xcconfig */;
			buildSettings = {
				ALWAYS_EMBED_SWIFT_STANDARD_LIBRARIES = YES;
				CODE_SIGN_STYLE = Automatic;
				INFOPLIST_FILE = "Swift5 MenuAppUITests/Info.plist";
				LD_RUNPATH_SEARCH_PATHS = (
					"$(inherited)",
					"@executable_path/Frameworks",
					"@loader_path/Frameworks",
				);
				PRODUCT_BUNDLE_IDENTIFIER = "com.-Hiroaki-Hirabayashi.Swift5-MenuAppUITests";
				PRODUCT_NAME = "$(TARGET_NAME)";
				SWIFT_VERSION = 5.0;
				TARGETED_DEVICE_FAMILY = "1,2";
				TEST_TARGET_NAME = "Swift5 MenuApp";
			};
			name = Debug;
		};
		E7003D542481368200F15528 /* Release */ = {
			isa = XCBuildConfiguration;
			baseConfigurationReference = C11219BEC49C0159715FDA6B /* Pods-Swift5 MenuApp-Swift5 MenuAppUITests.release.xcconfig */;
			buildSettings = {
				ALWAYS_EMBED_SWIFT_STANDARD_LIBRARIES = YES;
				CODE_SIGN_STYLE = Automatic;
				INFOPLIST_FILE = "Swift5 MenuAppUITests/Info.plist";
				LD_RUNPATH_SEARCH_PATHS = (
					"$(inherited)",
					"@executable_path/Frameworks",
					"@loader_path/Frameworks",
				);
				PRODUCT_BUNDLE_IDENTIFIER = "com.-Hiroaki-Hirabayashi.Swift5-MenuAppUITests";
				PRODUCT_NAME = "$(TARGET_NAME)";
				SWIFT_VERSION = 5.0;
				TARGETED_DEVICE_FAMILY = "1,2";
				TEST_TARGET_NAME = "Swift5 MenuApp";
			};
			name = Release;
		};
/* End XCBuildConfiguration section */

/* Begin XCConfigurationList section */
		E7003D1D2481367E00F15528 /* Build configuration list for PBXProject "Swift5 MenuApp" */ = {
			isa = XCConfigurationList;
			buildConfigurations = (
				E7003D4A2481368200F15528 /* Debug */,
				E7003D4B2481368200F15528 /* Release */,
			);
			defaultConfigurationIsVisible = 0;
			defaultConfigurationName = Release;
		};
		E7003D4C2481368200F15528 /* Build configuration list for PBXNativeTarget "Swift5 MenuApp" */ = {
			isa = XCConfigurationList;
			buildConfigurations = (
				E7003D4D2481368200F15528 /* Debug */,
				E7003D4E2481368200F15528 /* Release */,
			);
			defaultConfigurationIsVisible = 0;
			defaultConfigurationName = Release;
		};
		E7003D4F2481368200F15528 /* Build configuration list for PBXNativeTarget "Swift5 MenuAppTests" */ = {
			isa = XCConfigurationList;
			buildConfigurations = (
				E7003D502481368200F15528 /* Debug */,
				E7003D512481368200F15528 /* Release */,
			);
			defaultConfigurationIsVisible = 0;
			defaultConfigurationName = Release;
		};
		E7003D522481368200F15528 /* Build configuration list for PBXNativeTarget "Swift5 MenuAppUITests" */ = {
			isa = XCConfigurationList;
			buildConfigurations = (
				E7003D532481368200F15528 /* Debug */,
				E7003D542481368200F15528 /* Release */,
			);
			defaultConfigurationIsVisible = 0;
			defaultConfigurationName = Release;
		};
/* End XCConfigurationList section */
	};
	rootObject = E7003D1A2481367E00F15528 /* Project object */;
}
